
Microsoft Visual Studio Solution File, Format Version 12.00
# Visual Studio Version 17
VisualStudioVersion = 17.4.33110.190
MinimumVisualStudioVersion = 10.0.40219.1
Project("{FAE04EC0-301F-11D3-BF4B-00C04F79EFBC}") = "Modelado2", "Modelado2\Modelado2.csproj", "{A5DBFBF6-D78B-48F8-B03F-2F0EEC54DD5C}"
EndProject
Global
	GlobalSection(SolutionConfigurationPlatforms) = preSolution
		Debug|Any CPU = Debug|Any CPU
		Release|Any CPU = Release|Any CPU
	EndGlobalSection
	GlobalSection(ProjectConfigurationPlatforms) = postSolution
		{A5DBFBF6-D78B-48F8-B03F-2F0EEC54DD5C}.Debug|Any CPU.ActiveCfg = Debug|Any CPU
		{A5DBFBF6-D78B-48F8-B03F-2F0EEC54DD5C}.Debug|Any CPU.Build.0 = Debug|Any CPU
		{A5DBFBF6-D78B-48F8-B03F-2F0EEC54DD5C}.Release|Any CPU.ActiveCfg = Release|Any CPU
		{A5DBFBF6-D78B-48F8-B03F-2F0EEC54DD5C}.Release|Any CPU.Build.0 = Release|Any CPU
	EndGlobalSection
	GlobalSection(SolutionProperties) = preSolution
		HideSolutionNode = FALSE
	EndGlobalSection
	GlobalSection(ExtensibilityGlobals) = postSolution
		SolutionGuid = {7D4711E8-71F2-4A1B-A64F-7E483C87278D}
	EndGlobalSection
EndGlobal
